
Microsoft Visual Studio Solution File, Format Version 12.00
# Visual Studio Version 17
VisualStudioVersion = 17.14.36127.28
MinimumVisualStudioVersion = 10.0.40219.1
Project("{FAE04EC0-301F-11D3-BF4B-00C04F79EFBC}") = "BL", "BL\BL.csproj", "{1D7AA290-E7E1-4119-B1A4-809A270A660B}"
EndProject
Project("{FAE04EC0-301F-11D3-BF4B-00C04F79EFBC}") = "ML", "ML\ML.csproj", "{2EAE428B-560E-4595-A026-698CDCB22688}"
EndProject
Project("{FAE04EC0-301F-11D3-BF4B-00C04F79EFBC}") = "DL", "DL\DL.csproj", "{D46D4E79-F395-4A4F-BF31-A960E894F3D9}"
EndProject
Project("{FAE04EC0-301F-11D3-BF4B-00C04F79EFBC}") = "SL", "SL\SL.csproj", "{2A23FF8B-7FDE-4C55-8F0B-7702ABB34BA2}"
EndProject
Global
	GlobalSection(SolutionConfigurationPlatforms) = preSolution
		Debug|Any CPU = Debug|Any CPU
		Release|Any CPU = Release|Any CPU
	EndGlobalSection
	GlobalSection(ProjectConfigurationPlatforms) = postSolution
		{1D7AA290-E7E1-4119-B1A4-809A270A660B}.Debug|Any CPU.ActiveCfg = Debug|Any CPU
		{1D7AA290-E7E1-4119-B1A4-809A270A660B}.Debug|Any CPU.Build.0 = Debug|Any CPU
		{1D7AA290-E7E1-4119-B1A4-809A270A660B}.Release|Any CPU.ActiveCfg = Release|Any CPU
		{1D7AA290-E7E1-4119-B1A4-809A270A660B}.Release|Any CPU.Build.0 = Release|Any CPU
		{2EAE428B-560E-4595-A026-698CDCB22688}.Debug|Any CPU.ActiveCfg = Debug|Any CPU
		{2EAE428B-560E-4595-A026-698CDCB22688}.Debug|Any CPU.Build.0 = Debug|Any CPU
		{2EAE428B-560E-4595-A026-698CDCB22688}.Release|Any CPU.ActiveCfg = Release|Any CPU
		{2EAE428B-560E-4595-A026-698CDCB22688}.Release|Any CPU.Build.0 = Release|Any CPU
		{D46D4E79-F395-4A4F-BF31-A960E894F3D9}.Debug|Any CPU.ActiveCfg = Debug|Any CPU
		{D46D4E79-F395-4A4F-BF31-A960E894F3D9}.Debug|Any CPU.Build.0 = Debug|Any CPU
		{D46D4E79-F395-4A4F-BF31-A960E894F3D9}.Release|Any CPU.ActiveCfg = Release|Any CPU
		{D46D4E79-F395-4A4F-BF31-A960E894F3D9}.Release|Any CPU.Build.0 = Release|Any CPU
		{2A23FF8B-7FDE-4C55-8F0B-7702ABB34BA2}.Debug|Any CPU.ActiveCfg = Debug|Any CPU
		{2A23FF8B-7FDE-4C55-8F0B-7702ABB34BA2}.Debug|Any CPU.Build.0 = Debug|Any CPU
		{2A23FF8B-7FDE-4C55-8F0B-7702ABB34BA2}.Release|Any CPU.ActiveCfg = Release|Any CPU
		{2A23FF8B-7FDE-4C55-8F0B-7702ABB34BA2}.Release|Any CPU.Build.0 = Release|Any CPU
	EndGlobalSection
	GlobalSection(SolutionProperties) = preSolution
		HideSolutionNode = FALSE
	EndGlobalSection
	GlobalSection(ExtensibilityGlobals) = postSolution
		SolutionGuid = {F67C3E68-49B9-4C52-B80E-083623BA64F2}
	EndGlobalSection
EndGlobal
